// !$*UTF8*$!
{
	archiveVersion = 1;
	classes = {
	};
	objectVersion = 50;
	objects = {

/* Begin PBXBuildFile section */
		24FAA68A23BB0B7A00E500AB /* AppDelegate.swift in Sources */ = {isa = PBXBuildFile; fileRef = 24FAA68923BB0B7A00E500AB /* AppDelegate.swift */; };
		24FAA69123BB0B7A00E500AB /* Assets.xcassets in Resources */ = {isa = PBXBuildFile; fileRef = 24FAA69023BB0B7A00E500AB /* Assets.xcassets */; };
		24FAA69423BB0B7A00E500AB /* LaunchScreen.storyboard in Resources */ = {isa = PBXBuildFile; fileRef = 24FAA69223BB0B7A00E500AB /* LaunchScreen.storyboard */; };
		24FAA6A423BC776900E500AB /* DataController.swift in Sources */ = {isa = PBXBuildFile; fileRef = 24FAA6A123BC776900E500AB /* DataController.swift */; };
		24FAA6A523BC776900E500AB /* DetailViewController.swift in Sources */ = {isa = PBXBuildFile; fileRef = 24FAA6A223BC776900E500AB /* DetailViewController.swift */; };
		24FAA6A623BC776900E500AB /* MapViewController.swift in Sources */ = {isa = PBXBuildFile; fileRef = 24FAA6A323BC776900E500AB /* MapViewController.swift */; };
		24FAA6A823BC777C00E500AB /* PhotoCell.swift in Sources */ = {isa = PBXBuildFile; fileRef = 24FAA6A723BC777C00E500AB /* PhotoCell.swift */; };
		24FAA6AF23BC77B200E500AB /* Constants.swift in Sources */ = {isa = PBXBuildFile; fileRef = 24FAA6AB23BC77B200E500AB /* Constants.swift */; };
		24FAA6B023BC77B200E500AB /* Extensions.swift in Sources */ = {isa = PBXBuildFile; fileRef = 24FAA6AC23BC77B200E500AB /* Extensions.swift */; };
		24FAA6B123BC77B200E500AB /* MapDelegate.swift in Sources */ = {isa = PBXBuildFile; fileRef = 24FAA6AD23BC77B200E500AB /* MapDelegate.swift */; };
		24FAA6B223BC77B200E500AB /* APIClient.swift in Sources */ = {isa = PBXBuildFile; fileRef = 24FAA6AE23BC77B200E500AB /* APIClient.swift */; };
		24FAA6B423BC77EF00E500AB /* Main.storyboard in Resources */ = {isa = PBXBuildFile; fileRef = 24FAA6B323BC77EF00E500AB /* Main.storyboard */; };
		24FAA6B723BC782800E500AB /* VirtualTourist.xcdatamodeld in Sources */ = {isa = PBXBuildFile; fileRef = 24FAA6B523BC782800E500AB /* VirtualTourist.xcdatamodeld */; };
/* End PBXBuildFile section */

/* Begin PBXFileReference section */
		24FAA68623BB0B7A00E500AB /* VirtualTourist.app */ = {isa = PBXFileReference; explicitFileType = wrapper.application; includeInIndex = 0; path = VirtualTourist.app; sourceTree = BUILT_PRODUCTS_DIR; };
		24FAA68923BB0B7A00E500AB /* AppDelegate.swift */ = {isa = PBXFileReference; lastKnownFileType = sourcecode.swift; path = AppDelegate.swift; sourceTree = "<group>"; };
		24FAA69023BB0B7A00E500AB /* Assets.xcassets */ = {isa = PBXFileReference; lastKnownFileType = folder.assetcatalog; path = Assets.xcassets; sourceTree = "<group>"; };
		24FAA69323BB0B7A00E500AB /* Base */ = {isa = PBXFileReference; lastKnownFileType = file.storyboard; name = Base; path = Base.lproj/LaunchScreen.storyboard; sourceTree = "<group>"; };
		24FAA69523BB0B7A00E500AB /* Info.plist */ = {isa = PBXFileReference; lastKnownFileType = text.plist.xml; path = Info.plist; sourceTree = "<group>"; };
		24FAA6A123BC776900E500AB /* DataController.swift */ = {isa = PBXFileReference; fileEncoding = 4; lastKnownFileType = sourcecode.swift; path = DataController.swift; sourceTree = "<group>"; };
		24FAA6A223BC776900E500AB /* DetailViewController.swift */ = {isa = PBXFileReference; fileEncoding = 4; lastKnownFileType = sourcecode.swift; path = DetailViewController.swift; sourceTree = "<group>"; };
		24FAA6A323BC776900E500AB /* MapViewController.swift */ = {isa = PBXFileReference; fileEncoding = 4; lastKnownFileType = sourcecode.swift; path = MapViewController.swift; sourceTree = "<group>"; };
		24FAA6A723BC777C00E500AB /* PhotoCell.swift */ = {isa = PBXFileReference; fileEncoding = 4; lastKnownFileType = sourcecode.swift; path = PhotoCell.swift; sourceTree = "<group>"; };
		24FAA6AB23BC77B200E500AB /* Constants.swift */ = {isa = PBXFileReference; fileEncoding = 4; lastKnownFileType = sourcecode.swift; path = Constants.swift; sourceTree = "<group>"; };
		24FAA6AC23BC77B200E500AB /* Extensions.swift */ = {isa = PBXFileReference; fileEncoding = 4; lastKnownFileType = sourcecode.swift; path = Extensions.swift; sourceTree = "<group>"; };
		24FAA6AD23BC77B200E500AB /* MapDelegate.swift */ = {isa = PBXFileReference; fileEncoding = 4; lastKnownFileType = sourcecode.swift; path = MapDelegate.swift; sourceTree = "<group>"; };
		24FAA6AE23BC77B200E500AB /* APIClient.swift */ = {isa = PBXFileReference; fileEncoding = 4; lastKnownFileType = sourcecode.swift; path = APIClient.swift; sourceTree = "<group>"; };
		24FAA6B323BC77EF00E500AB /* Main.storyboard */ = {isa = PBXFileReference; fileEncoding = 4; lastKnownFileType = file.storyboard; path = Main.storyboard; sourceTree = "<group>"; };
		24FAA6B623BC782800E500AB /* VirtualTourist.xcdatamodel */ = {isa = PBXFileReference; lastKnownFileType = wrapper.xcdatamodel; path = VirtualTourist.xcdatamodel; sourceTree = "<group>"; };
/* End PBXFileReference section */

/* Begin PBXFrameworksBuildPhase section */
		24FAA68323BB0B7A00E500AB /* Frameworks */ = {
			isa = PBXFrameworksBuildPhase;
			buildActionMask = 2147483647;
			files = (
			);
			runOnlyForDeploymentPostprocessing = 0;
		};
/* End PBXFrameworksBuildPhase section */

/* Begin PBXGroup section */
		24FAA67D23BB0B7A00E500AB = {
			isa = PBXGroup;
			children = (
				24FAA68823BB0B7A00E500AB /* VirtualTourist */,
				24FAA68723BB0B7A00E500AB /* Products */,
			);
			sourceTree = "<group>";
		};
		24FAA68723BB0B7A00E500AB /* Products */ = {
			isa = PBXGroup;
			children = (
				24FAA68623BB0B7A00E500AB /* VirtualTourist.app */,
			);
			name = Products;
			sourceTree = "<group>";
		};
		24FAA68823BB0B7A00E500AB /* VirtualTourist */ = {
			isa = PBXGroup;
			children = (
				24FAA6AA23BC77A900E500AB /* Utils */,
				24FAA6A923BC778000E500AB /* Model */,
				24FAA6A023BC775900E500AB /* Controller */,
				24FAA68923BB0B7A00E500AB /* AppDelegate.swift */,
				24FAA6B323BC77EF00E500AB /* Main.storyboard */,
				24FAA69023BB0B7A00E500AB /* Assets.xcassets */,
				24FAA69223BB0B7A00E500AB /* LaunchScreen.storyboard */,
				24FAA69523BB0B7A00E500AB /* Info.plist */,
			);
			path = VirtualTourist;
			sourceTree = "<group>";
		};
		24FAA6A023BC775900E500AB /* Controller */ = {
			isa = PBXGroup;
			children = (
				24FAA6A123BC776900E500AB /* DataController.swift */,
				24FAA6A223BC776900E500AB /* DetailViewController.swift */,
				24FAA6A323BC776900E500AB /* MapViewController.swift */,
			);
			path = Controller;
			sourceTree = "<group>";
		};
		24FAA6A923BC778000E500AB /* Model */ = {
			isa = PBXGroup;
			children = (
				24FAA6B523BC782800E500AB /* VirtualTourist.xcdatamodeld */,
				24FAA6A723BC777C00E500AB /* PhotoCell.swift */,
			);
			path = Model;
			sourceTree = "<group>";
		};
		24FAA6AA23BC77A900E500AB /* Utils */ = {
			isa = PBXGroup;
			children = (
				24FAA6AE23BC77B200E500AB /* APIClient.swift */,
				24FAA6AB23BC77B200E500AB /* Constants.swift */,
				24FAA6AC23BC77B200E500AB /* Extensions.swift */,
				24FAA6AD23BC77B200E500AB /* MapDelegate.swift */,
			);
			path = Utils;
			sourceTree = "<group>";
		};
/* End PBXGroup section */

/* Begin PBXNativeTarget section */
		24FAA68523BB0B7A00E500AB /* VirtualTourist */ = {
			isa = PBXNativeTarget;
			buildConfigurationList = 24FAA69823BB0B7A00E500AB /* Build configuration list for PBXNativeTarget "VirtualTourist" */;
			buildPhases = (
				24FAA68223BB0B7A00E500AB /* Sources */,
				24FAA68323BB0B7A00E500AB /* Frameworks */,
				24FAA68423BB0B7A00E500AB /* Resources */,
			);
			buildRules = (
			);
			dependencies = (
			);
			name = VirtualTourist;
			productName = VirtualTourist;
			productReference = 24FAA68623BB0B7A00E500AB /* VirtualTourist.app */;
			productType = "com.apple.product-type.application";
		};
/* End PBXNativeTarget section */

/* Begin PBXProject section */
		24FAA67E23BB0B7A00E500AB /* Project object */ = {
			isa = PBXProject;
			attributes = {
				LastSwiftUpdateCheck = 1030;
				LastUpgradeCheck = 1030;
				ORGANIZATIONNAME = "Sai Venkata Pranay Boggarapu";
				TargetAttributes = {
					24FAA68523BB0B7A00E500AB = {
						CreatedOnToolsVersion = 10.3;
					};
				};
			};
			buildConfigurationList = 24FAA68123BB0B7A00E500AB /* Build configuration list for PBXProject "VirtualTourist" */;
			compatibilityVersion = "Xcode 9.3";
			developmentRegion = en;
			hasScannedForEncodings = 0;
			knownRegions = (
				en,
				Base,
			);
			mainGroup = 24FAA67D23BB0B7A00E500AB;
			productRefGroup = 24FAA68723BB0B7A00E500AB /* Products */;
			projectDirPath = "";
			projectRoot = "";
			targets = (
				24FAA68523BB0B7A00E500AB /* VirtualTourist */,
			);
		};
/* End PBXProject section */

/* Begin PBXResourcesBuildPhase section */
		24FAA68423BB0B7A00E500AB /* Resources */ = {
			isa = PBXResourcesBuildPhase;
			buildActionMask = 2147483647;
			files = (
				24FAA6B423BC77EF00E500AB /* Main.storyboard in Resources */,
				24FAA69423BB0B7A00E500AB /* LaunchScreen.storyboard in Resources */,
				24FAA69123BB0B7A00E500AB /* Assets.xcassets in Resources */,
			);
			runOnlyForDeploymentPostprocessing = 0;
		};
/* End PBXResourcesBuildPhase section */

/* Begin PBXSourcesBuildPhase section */
		24FAA68223BB0B7A00E500AB /* Sources */ = {
			isa = PBXSourcesBuildPhase;
			buildActionMask = 2147483647;
			files = (
				24FAA6A823BC777C00E500AB /* PhotoCell.swift in Sources */,
				24FAA6B023BC77B200E500AB /* Extensions.swift in Sources */,
				24FAA6B123BC77B200E500AB /* MapDelegate.swift in Sources */,
				24FAA6A623BC776900E500AB /* MapViewController.swift in Sources */,
				24FAA6B223BC77B200E500AB /* APIClient.swift in Sources */,
				24FAA6A423BC776900E500AB /* DataController.swift in Sources */,
				24FAA6B723BC782800E500AB /* VirtualTourist.xcdatamodeld in Sources */,
				24FAA6A523BC776900E500AB /* DetailViewController.swift in Sources */,
				24FAA68A23BB0B7A00E500AB /* AppDelegate.swift in Sources */,
				24FAA6AF23BC77B200E500AB /* Constants.swift in Sources */,
			);
			runOnlyForDeploymentPostprocessing = 0;
		};
/* End PBXSourcesBuildPhase section */

/* Begin PBXVariantGroup section */
		24FAA69223BB0B7A00E500AB /* LaunchScreen.storyboard */ = {
			isa = PBXVariantGroup;
			children = (
				24FAA69323BB0B7A00E500AB /* Base */,
			);
			name = LaunchScreen.storyboard;
			sourceTree = "<group>";
		};
/* End PBXVariantGroup section */

/* Begin XCBuildConfiguration section */
		24FAA69623BB0B7A00E500AB /* Debug */ = {
			isa = XCBuildConfiguration;
			buildSettings = {
				ALWAYS_SEARCH_USER_PATHS = NO;
				CLANG_ANALYZER_NONNULL = YES;
				CLANG_ANALYZER_NUMBER_OBJECT_CONVERSION = YES_AGGRESSIVE;
				CLANG_CXX_LANGUAGE_STANDARD = "gnu++14";
				CLANG_CXX_LIBRARY = "libc++";
				CLANG_ENABLE_MODULES = YES;
				CLANG_ENABLE_OBJC_ARC = YES;
				CLANG_ENABLE_OBJC_WEAK = YES;
				CLANG_WARN_BLOCK_CAPTURE_AUTORELEASING = YES;
				CLANG_WARN_BOOL_CONVERSION = YES;
				CLANG_WARN_COMMA = YES;
				CLANG_WARN_CONSTANT_CONVERSION = YES;
				CLANG_WARN_DEPRECATED_OBJC_IMPLEMENTATIONS = YES;
				CLANG_WARN_DIRECT_OBJC_ISA_USAGE = YES_ERROR;
				CLANG_WARN_DOCUMENTATION_COMMENTS = YES;
				CLANG_WARN_EMPTY_BODY = YES;
				CLANG_WARN_ENUM_CONVERSION = YES;
				CLANG_WARN_INFINITE_RECURSION = YES;
				CLANG_WARN_INT_CONVERSION = YES;
				CLANG_WARN_NON_LITERAL_NULL_CONVERSION = YES;
				CLANG_WARN_OBJC_IMPLICIT_RETAIN_SELF = YES;
				CLANG_WARN_OBJC_LITERAL_CONVERSION = YES;
				CLANG_WARN_OBJC_ROOT_CLASS = YES_ERROR;
				CLANG_WARN_RANGE_LOOP_ANALYSIS = YES;
				CLANG_WARN_STRICT_PROTOTYPES = YES;
				CLANG_WARN_SUSPICIOUS_MOVE = YES;
				CLANG_WARN_UNGUARDED_AVAILABILITY = YES_AGGRESSIVE;
				CLANG_WARN_UNREACHABLE_CODE = YES;
				CLANG_WARN__DUPLICATE_METHOD_MATCH = YES;
				CODE_SIGN_IDENTITY = "iPhone Developer";
				COPY_PHASE_STRIP = NO;
				DEBUG_INFORMATION_FORMAT = dwarf;
				ENABLE_STRICT_OBJC_MSGSEND = YES;
				ENABLE_TESTABILITY = YES;
				GCC_C_LANGUAGE_STANDARD = gnu11;
				GCC_DYNAMIC_NO_PIC = NO;
				GCC_NO_COMMON_BLOCKS = YES;
				GCC_OPTIMIZATION_LEVEL = 0;
				GCC_PREPROCESSOR_DEFINITIONS = (
					"DEBUG=1",
					"$(inherited)",
				);
				GCC_WARN_64_TO_32_BIT_CONVERSION = YES;
				GCC_WARN_ABOUT_RETURN_TYPE = YES_ERROR;
				GCC_WARN_UNDECLARED_SELECTOR = YES;
				GCC_WARN_UNINITIALIZED_AUTOS = YES_AGGRESSIVE;
				GCC_WARN_UNUSED_FUNCTION = YES;
				GCC_WARN_UNUSED_VARIABLE = YES;
				IPHONEOS_DEPLOYMENT_TARGET = 12.4;
				MTL_ENABLE_DEBUG_INFO = INCLUDE_SOURCE;
				MTL_FAST_MATH = YES;
				ONLY_ACTIVE_ARCH = YES;
				SDKROOT = iphoneos;
				SWIFT_ACTIVE_COMPILATION_CONDITIONS = DEBUG;
				SWIFT_OPTIMIZATION_LEVEL = "-Onone";
			};
			name = Debug;
		};
		24FAA69723BB0B7A00E500AB /* Release */ = {
			isa = XCBuildConfiguration;
			buildSettings = {
				ALWAYS_SEARCH_USER_PATHS = NO;
				CLANG_ANALYZER_NONNULL = YES;
				CLANG_ANALYZER_NUMBER_OBJECT_CONVERSION = YES_AGGRESSIVE;
				CLANG_CXX_LANGUAGE_STANDARD = "gnu++14";
				CLANG_CXX_LIBRARY = "libc++";
				CLANG_ENABLE_MODULES = YES;
				CLANG_ENABLE_OBJC_ARC = YES;
				CLANG_ENABLE_OBJC_WEAK = YES;
				CLANG_WARN_BLOCK_CAPTURE_AUTORELEASING = YES;
				CLANG_WARN_BOOL_CONVERSION = YES;
				CLANG_WARN_COMMA = YES;
				CLANG_WARN_CONSTANT_CONVERSION = YES;
				CLANG_WARN_DEPRECATED_OBJC_IMPLEMENTATIONS = YES;
				CLANG_WARN_DIRECT_OBJC_ISA_USAGE = YES_ERROR;
				CLANG_WARN_DOCUMENTATION_COMMENTS = YES;
				CLANG_WARN_EMPTY_BODY = YES;
				CLANG_WARN_ENUM_CONVERSION = YES;
				CLANG_WARN_INFINITE_RECURSION = YES;
				CLANG_WARN_INT_CONVERSION = YES;
				CLANG_WARN_NON_LITERAL_NULL_CONVERSION = YES;
				CLANG_WARN_OBJC_IMPLICIT_RETAIN_SELF = YES;
				CLANG_WARN_OBJC_LITERAL_CONVERSION = YES;
				CLANG_WARN_OBJC_ROOT_CLASS = YES_ERROR;
				CLANG_WARN_RANGE_LOOP_ANALYSIS = YES;
				CLANG_WARN_STRICT_PROTOTYPES = YES;
				CLANG_WARN_SUSPICIOUS_MOVE = YES;
				CLANG_WARN_UNGUARDED_AVAILABILITY = YES_AGGRESSIVE;
				CLANG_WARN_UNREACHABLE_CODE = YES;
				CLANG_WARN__DUPLICATE_METHOD_MATCH = YES;
				CODE_SIGN_IDENTITY = "iPhone Developer";
				COPY_PHASE_STRIP = NO;
				DEBUG_INFORMATION_FORMAT = "dwarf-with-dsym";
				ENABLE_NS_ASSERTIONS = NO;
				ENABLE_STRICT_OBJC_MSGSEND = YES;
				GCC_C_LANGUAGE_STANDARD = gnu11;
				GCC_NO_COMMON_BLOCKS = YES;
				GCC_WARN_64_TO_32_BIT_CONVERSION = YES;
				GCC_WARN_ABOUT_RETURN_TYPE = YES_ERROR;
				GCC_WARN_UNDECLARED_SELECTOR = YES;
				GCC_WARN_UNINITIALIZED_AUTOS = YES_AGGRESSIVE;
				GCC_WARN_UNUSED_FUNCTION = YES;
				GCC_WARN_UNUSED_VARIABLE = YES;
				IPHONEOS_DEPLOYMENT_TARGET = 12.4;
				MTL_ENABLE_DEBUG_INFO = NO;
				MTL_FAST_MATH = YES;
				SDKROOT = iphoneos;
				SWIFT_COMPILATION_MODE = wholemodule;
				SWIFT_OPTIMIZATION_LEVEL = "-O";
				VALIDATE_PRODUCT = YES;
			};
			name = Release;
		};
		24FAA69923BB0B7A00E500AB /* Debug */ = {
			isa = XCBuildConfiguration;
			buildSettings = {
				ASSETCATALOG_COMPILER_APPICON_NAME = AppIcon;
				CODE_SIGN_STYLE = Automatic;
				DEVELOPMENT_TEAM = E729WT32YG;
				INFOPLIST_FILE = VirtualTourist/Info.plist;
				LD_RUNPATH_SEARCH_PATHS = (
					"$(inherited)",
					"@executable_path/Frameworks",
				);
				PRODUCT_BUNDLE_IDENTIFIER = com.pranayboggarapu.VirtualTourist;
				PRODUCT_NAME = "$(TARGET_NAME)";
				SWIFT_VERSION = 5.0;
				TARGETED_DEVICE_FAMILY = "1,2";
			};
			name = Debug;
		};
		24FAA69A23BB0B7A00E500AB /* Release */ = {
			isa = XCBuildConfiguration;
			buildSettings = {
				ASSETCATALOG_COMPILER_APPICON_NAME = AppIcon;
				CODE_SIGN_STYLE = Automatic;
				DEVELOPMENT_TEAM = E729WT32YG;
				INFOPLIST_FILE = VirtualTourist/Info.plist;
				LD_RUNPATH_SEARCH_PATHS = (
					"$(inherited)",
					"@executable_path/Frameworks",
				);
				PRODUCT_BUNDLE_IDENTIFIER = com.pranayboggarapu.VirtualTourist;
				PRODUCT_NAME = "$(TARGET_NAME)";
				SWIFT_VERSION = 5.0;
				TARGETED_DEVICE_FAMILY = "1,2";
			};
			name = Release;
		};
/* End XCBuildConfiguration section */

/* Begin XCConfigurationList section */
		24FAA68123BB0B7A00E500AB /* Build configuration list for PBXProject "VirtualTourist" */ = {
			isa = XCConfigurationList;
			buildConfigurations = (
				24FAA69623BB0B7A00E500AB /* Debug */,
				24FAA69723BB0B7A00E500AB /* Release */,
			);
			defaultConfigurationIsVisible = 0;
			defaultConfigurationName = Release;
		};
		24FAA69823BB0B7A00E500AB /* Build configuration list for PBXNativeTarget "VirtualTourist" */ = {
			isa = XCConfigurationList;
			buildConfigurations = (
				24FAA69923BB0B7A00E500AB /* Debug */,
				24FAA69A23BB0B7A00E500AB /* Release */,
			);
			defaultConfigurationIsVisible = 0;
			defaultConfigurationName = Release;
		};
/* End XCConfigurationList section */

/* Begin XCVersionGroup section */
		24FAA6B523BC782800E500AB /* VirtualTourist.xcdatamodeld */ = {
			isa = XCVersionGroup;
			children = (
				24FAA6B623BC782800E500AB /* VirtualTourist.xcdatamodel */,
			);
			currentVersion = 24FAA6B623BC782800E500AB /* VirtualTourist.xcdatamodel */;
			path = VirtualTourist.xcdatamodeld;
			sourceTree = "<group>";
			versionGroupType = wrapper.xcdatamodel;
		};
/* End XCVersionGroup section */
	};
	rootObject = 24FAA67E23BB0B7A00E500AB /* Project object */;
}
